
Microsoft Visual Studio Solution File, Format Version 11.00
# Visual Basic Express 2010
Project("{F184B08F-C81C-45F6-A57F-5ABD9991F28F}") = "Problem1", "Problem1\Problem1.vbproj", "{DD1FCAF9-57D0-4A3F-8221-2B6F019A1F67}"
EndProject
Global
	GlobalSection(SolutionConfigurationPlatforms) = preSolution
		Debug|x86 = Debug|x86
		Release|x86 = Release|x86
	EndGlobalSection
	GlobalSection(ProjectConfigurationPlatforms) = postSolution
		{DD1FCAF9-57D0-4A3F-8221-2B6F019A1F67}.Debug|x86.ActiveCfg = Debug|x86
		{DD1FCAF9-57D0-4A3F-8221-2B6F019A1F67}.Debug|x86.Build.0 = Debug|x86
		{DD1FCAF9-57D0-4A3F-8221-2B6F019A1F67}.Release|x86.ActiveCfg = Release|x86
		{DD1FCAF9-57D0-4A3F-8221-2B6F019A1F67}.Release|x86.Build.0 = Release|x86
	EndGlobalSection
	GlobalSection(SolutionProperties) = preSolution
		HideSolutionNode = FALSE
	EndGlobalSection
EndGlobal
